// !$*UTF8*$!
{
	archiveVersion = 1;
	classes = {
	};
	objectVersion = 46;
	objects = {

/* Begin PBXBuildFile section */
		6A2CC09F1C6D8BCE003606A5 /* AppDelegate.swift in Sources */ = {isa = PBXBuildFile; fileRef = 6A2CC09E1C6D8BCE003606A5 /* AppDelegate.swift */; };
		6A2CC0A41C6D8BCE003606A5 /* Main.storyboard in Resources */ = {isa = PBXBuildFile; fileRef = 6A2CC0A21C6D8BCE003606A5 /* Main.storyboard */; };
		6A2CC0A61C6D8BCE003606A5 /* Assets.xcassets in Resources */ = {isa = PBXBuildFile; fileRef = 6A2CC0A51C6D8BCE003606A5 /* Assets.xcassets */; };
		6A2CC0A91C6D8BCE003606A5 /* LaunchScreen.storyboard in Resources */ = {isa = PBXBuildFile; fileRef = 6A2CC0A71C6D8BCE003606A5 /* LaunchScreen.storyboard */; };
		6A2CC0B31C6D96E0003606A5 /* LoginViewController.swift in Sources */ = {isa = PBXBuildFile; fileRef = 6A2CC0B21C6D96E0003606A5 /* LoginViewController.swift */; };
		6A2CC0B51C6D9A11003606A5 /* ChatViewController.swift in Sources */ = {isa = PBXBuildFile; fileRef = 6A2CC0B41C6D9A11003606A5 /* ChatViewController.swift */; };
		ED46764D3558BE91BE333F82 /* Pods_ChatApp.framework in Frameworks */ = {isa = PBXBuildFile; fileRef = A14CD8F4D1E66BF722D2D4BE /* Pods_ChatApp.framework */; };
/* End PBXBuildFile section */

/* Begin PBXFileReference section */
		047E8F50FA64E6AF388954C4 /* Pods-ChatApp.release.xcconfig */ = {isa = PBXFileReference; includeInIndex = 1; lastKnownFileType = text.xcconfig; name = "Pods-ChatApp.release.xcconfig"; path = "Pods/Target Support Files/Pods-ChatApp/Pods-ChatApp.release.xcconfig"; sourceTree = "<group>"; };
		6A2CC09B1C6D8BCE003606A5 /* ChatApp.app */ = {isa = PBXFileReference; explicitFileType = wrapper.application; includeInIndex = 0; path = ChatApp.app; sourceTree = BUILT_PRODUCTS_DIR; };
		6A2CC09E1C6D8BCE003606A5 /* AppDelegate.swift */ = {isa = PBXFileReference; lastKnownFileType = sourcecode.swift; path = AppDelegate.swift; sourceTree = "<group>"; };
		6A2CC0A31C6D8BCE003606A5 /* Base */ = {isa = PBXFileReference; lastKnownFileType = file.storyboard; name = Base; path = Base.lproj/Main.storyboard; sourceTree = "<group>"; };
		6A2CC0A51C6D8BCE003606A5 /* Assets.xcassets */ = {isa = PBXFileReference; lastKnownFileType = folder.assetcatalog; path = Assets.xcassets; sourceTree = "<group>"; };
		6A2CC0A81C6D8BCE003606A5 /* Base */ = {isa = PBXFileReference; lastKnownFileType = file.storyboard; name = Base; path = Base.lproj/LaunchScreen.storyboard; sourceTree = "<group>"; };
		6A2CC0AA1C6D8BCE003606A5 /* Info.plist */ = {isa = PBXFileReference; lastKnownFileType = text.plist.xml; path = Info.plist; sourceTree = "<group>"; };
		6A2CC0B21C6D96E0003606A5 /* LoginViewController.swift */ = {isa = PBXFileReference; fileEncoding = 4; lastKnownFileType = sourcecode.swift; path = LoginViewController.swift; sourceTree = "<group>"; };
		6A2CC0B41C6D9A11003606A5 /* ChatViewController.swift */ = {isa = PBXFileReference; fileEncoding = 4; lastKnownFileType = sourcecode.swift; path = ChatViewController.swift; sourceTree = "<group>"; };
		A14CD8F4D1E66BF722D2D4BE /* Pods_ChatApp.framework */ = {isa = PBXFileReference; explicitFileType = wrapper.framework; includeInIndex = 0; path = Pods_ChatApp.framework; sourceTree = BUILT_PRODUCTS_DIR; };
		D47FF8725DDDD697923EEABC /* Pods-ChatApp.debug.xcconfig */ = {isa = PBXFileReference; includeInIndex = 1; lastKnownFileType = text.xcconfig; name = "Pods-ChatApp.debug.xcconfig"; path = "Pods/Target Support Files/Pods-ChatApp/Pods-ChatApp.debug.xcconfig"; sourceTree = "<group>"; };
/* End PBXFileReference section */

/* Begin PBXFrameworksBuildPhase section */
		6A2CC0981C6D8BCE003606A5 /* Frameworks */ = {
			isa = PBXFrameworksBuildPhase;
			buildActionMask = 2147483647;
			files = (
				ED46764D3558BE91BE333F82 /* Pods_ChatApp.framework in Frameworks */,
			);
			runOnlyForDeploymentPostprocessing = 0;
		};
/* End PBXFrameworksBuildPhase section */

/* Begin PBXGroup section */
		5AF2C033E1C3BD784EA3BE38 /* Pods */ = {
			isa = PBXGroup;
			children = (
				D47FF8725DDDD697923EEABC /* Pods-ChatApp.debug.xcconfig */,
				047E8F50FA64E6AF388954C4 /* Pods-ChatApp.release.xcconfig */,
			);
			name = Pods;
			sourceTree = "<group>";
		};
		6A2CC0921C6D8BCE003606A5 = {
			isa = PBXGroup;
			children = (
				6A2CC09D1C6D8BCE003606A5 /* ChatApp */,
				6A2CC09C1C6D8BCE003606A5 /* Products */,
				5AF2C033E1C3BD784EA3BE38 /* Pods */,
				898C4100E398F1CC062E658F /* Frameworks */,
			);
			sourceTree = "<group>";
		};
		6A2CC09C1C6D8BCE003606A5 /* Products */ = {
			isa = PBXGroup;
			children = (
				6A2CC09B1C6D8BCE003606A5 /* ChatApp.app */,
			);
			name = Products;
			sourceTree = "<group>";
		};
		6A2CC09D1C6D8BCE003606A5 /* ChatApp */ = {
			isa = PBXGroup;
			children = (
				6A2CC0B61C6D9A29003606A5 /* View Controllers */,
				6A2CC09E1C6D8BCE003606A5 /* AppDelegate.swift */,
				6A2CC0A21C6D8BCE003606A5 /* Main.storyboard */,
				6A2CC0A51C6D8BCE003606A5 /* Assets.xcassets */,
				6A2CC0A71C6D8BCE003606A5 /* LaunchScreen.storyboard */,
				6A2CC0AA1C6D8BCE003606A5 /* Info.plist */,
			);
			path = ChatApp;
			sourceTree = "<group>";
		};
		6A2CC0B61C6D9A29003606A5 /* View Controllers */ = {
			isa = PBXGroup;
			children = (
				6A2CC0B41C6D9A11003606A5 /* ChatViewController.swift */,
				6A2CC0B21C6D96E0003606A5 /* LoginViewController.swift */,
			);
			name = "View Controllers";
			sourceTree = "<group>";
		};
		898C4100E398F1CC062E658F /* Frameworks */ = {
			isa = PBXGroup;
			children = (
				A14CD8F4D1E66BF722D2D4BE /* Pods_ChatApp.framework */,
			);
			name = Frameworks;
			sourceTree = "<group>";
		};
/* End PBXGroup section */

/* Begin PBXNativeTarget section */
		6A2CC09A1C6D8BCE003606A5 /* ChatApp */ = {
			isa = PBXNativeTarget;
			buildConfigurationList = 6A2CC0AD1C6D8BCE003606A5 /* Build configuration list for PBXNativeTarget "ChatApp" */;
			buildPhases = (
				B801BB57009EBDC468E1D12F /* Check Pods Manifest.lock */,
				6A2CC0971C6D8BCE003606A5 /* Sources */,
				6A2CC0981C6D8BCE003606A5 /* Frameworks */,
				6A2CC0991C6D8BCE003606A5 /* Resources */,
				B373B377FB16EEE87C2F93D2 /* Embed Pods Frameworks */,
				9DE335B7875EBD00DF6B5E7C /* Copy Pods Resources */,
			);
			buildRules = (
			);
			dependencies = (
			);
			name = ChatApp;
			productName = ChatApp;
			productReference = 6A2CC09B1C6D8BCE003606A5 /* ChatApp.app */;
			productType = "com.apple.product-type.application";
		};
/* End PBXNativeTarget section */

/* Begin PBXProject section */
		6A2CC0931C6D8BCE003606A5 /* Project object */ = {
			isa = PBXProject;
			attributes = {
				LastSwiftUpdateCheck = 0710;
				LastUpgradeCheck = 0710;
				ORGANIZATIONNAME = "Yousef Kazerooni";
				TargetAttributes = {
					6A2CC09A1C6D8BCE003606A5 = {
						CreatedOnToolsVersion = 7.1.1;
						DevelopmentTeam = DQ534CHV8P;
					};
				};
			};
			buildConfigurationList = 6A2CC0961C6D8BCE003606A5 /* Build configuration list for PBXProject "ChatApp" */;
			compatibilityVersion = "Xcode 3.2";
			developmentRegion = English;
			hasScannedForEncodings = 0;
			knownRegions = (
				en,
				Base,
			);
			mainGroup = 6A2CC0921C6D8BCE003606A5;
			productRefGroup = 6A2CC09C1C6D8BCE003606A5 /* Products */;
			projectDirPath = "";
			projectRoot = "";
			targets = (
				6A2CC09A1C6D8BCE003606A5 /* ChatApp */,
			);
		};
/* End PBXProject section */

/* Begin PBXResourcesBuildPhase section */
		6A2CC0991C6D8BCE003606A5 /* Resources */ = {
			isa = PBXResourcesBuildPhase;
			buildActionMask = 2147483647;
			files = (
				6A2CC0A91C6D8BCE003606A5 /* LaunchScreen.storyboard in Resources */,
				6A2CC0A61C6D8BCE003606A5 /* Assets.xcassets in Resources */,
				6A2CC0A41C6D8BCE003606A5 /* Main.storyboard in Resources */,
			);
			runOnlyForDeploymentPostprocessing = 0;
		};
/* End PBXResourcesBuildPhase section */

/* Begin PBXShellScriptBuildPhase section */
		9DE335B7875EBD00DF6B5E7C /* Copy Pods Resources */ = {
			isa = PBXShellScriptBuildPhase;
			buildActionMask = 2147483647;
			files = (
			);
			inputPaths = (
			);
			name = "Copy Pods Resources";
			outputPaths = (
			);
			runOnlyForDeploymentPostprocessing = 0;
			shellPath = /bin/sh;
			shellScript = "\"${SRCROOT}/Pods/Target Support Files/Pods-ChatApp/Pods-ChatApp-resources.sh\"\n";
			showEnvVarsInLog = 0;
		};
		B373B377FB16EEE87C2F93D2 /* Embed Pods Frameworks */ = {
			isa = PBXShellScriptBuildPhase;
			buildActionMask = 2147483647;
			files = (
			);
			inputPaths = (
			);
			name = "Embed Pods Frameworks";
			outputPaths = (
			);
			runOnlyForDeploymentPostprocessing = 0;
			shellPath = /bin/sh;
			shellScript = "\"${SRCROOT}/Pods/Target Support Files/Pods-ChatApp/Pods-ChatApp-frameworks.sh\"\n";
			showEnvVarsInLog = 0;
		};
		B801BB57009EBDC468E1D12F /* Check Pods Manifest.lock */ = {
			isa = PBXShellScriptBuildPhase;
			buildActionMask = 2147483647;
			files = (
			);
			inputPaths = (
			);
			name = "Check Pods Manifest.lock";
			outputPaths = (
			);
			runOnlyForDeploymentPostprocessing = 0;
			shellPath = /bin/sh;
			shellScript = "diff \"${PODS_ROOT}/../Podfile.lock\" \"${PODS_ROOT}/Manifest.lock\" > /dev/null\nif [[ $? != 0 ]] ; then\n    cat << EOM\nerror: The sandbox is not in sync with the Podfile.lock. Run 'pod install' or update your CocoaPods installation.\nEOM\n    exit 1\nfi\n";
			showEnvVarsInLog = 0;
		};
/* End PBXShellScriptBuildPhase section */

/* Begin PBXSourcesBuildPhase section */
		6A2CC0971C6D8BCE003606A5 /* Sources */ = {
			isa = PBXSourcesBuildPhase;
			buildActionMask = 2147483647;
			files = (
				6A2CC0B31C6D96E0003606A5 /* LoginViewController.swift in Sources */,
				6A2CC0B51C6D9A11003606A5 /* ChatViewController.swift in Sources */,
				6A2CC09F1C6D8BCE003606A5 /* AppDelegate.swift in Sources */,
			);
			runOnlyForDeploymentPostprocessing = 0;
		};
/* End PBXSourcesBuildPhase section */

/* Begin PBXVariantGroup section */
		6A2CC0A21C6D8BCE003606A5 /* Main.storyboard */ = {
			isa = PBXVariantGroup;
			children = (
				6A2CC0A31C6D8BCE003606A5 /* Base */,
			);
			name = Main.storyboard;
			sourceTree = "<group>";
		};
		6A2CC0A71C6D8BCE003606A5 /* LaunchScreen.storyboard */ = {
			isa = PBXVariantGroup;
			children = (
				6A2CC0A81C6D8BCE003606A5 /* Base */,
			);
			name = LaunchScreen.storyboard;
			sourceTree = "<group>";
		};
/* End PBXVariantGroup section */

/* Begin XCBuildConfiguration section */
		6A2CC0AB1C6D8BCE003606A5 /* Debug */ = {
			isa = XCBuildConfiguration;
			buildSettings = {
				ALWAYS_SEARCH_USER_PATHS = NO;
				CLANG_CXX_LANGUAGE_STANDARD = "gnu++0x";
				CLANG_CXX_LIBRARY = "libc++";
				CLANG_ENABLE_MODULES = YES;
				CLANG_ENABLE_OBJC_ARC = YES;
				CLANG_WARN_BOOL_CONVERSION = YES;
				CLANG_WARN_CONSTANT_CONVERSION = YES;
				CLANG_WARN_DIRECT_OBJC_ISA_USAGE = YES_ERROR;
				CLANG_WARN_EMPTY_BODY = YES;
				CLANG_WARN_ENUM_CONVERSION = YES;
				CLANG_WARN_INT_CONVERSION = YES;
				CLANG_WARN_OBJC_ROOT_CLASS = YES_ERROR;
				CLANG_WARN_UNREACHABLE_CODE = YES;
				CLANG_WARN__DUPLICATE_METHOD_MATCH = YES;
				"CODE_SIGN_IDENTITY[sdk=iphoneos*]" = "iPhone Developer";
				COPY_PHASE_STRIP = NO;
				DEBUG_INFORMATION_FORMAT = dwarf;
				ENABLE_STRICT_OBJC_MSGSEND = YES;
				ENABLE_TESTABILITY = YES;
				GCC_C_LANGUAGE_STANDARD = gnu99;
				GCC_DYNAMIC_NO_PIC = NO;
				GCC_NO_COMMON_BLOCKS = YES;
				GCC_OPTIMIZATION_LEVEL = 0;
				GCC_PREPROCESSOR_DEFINITIONS = (
					"DEBUG=1",
					"$(inherited)",
				);
				GCC_WARN_64_TO_32_BIT_CONVERSION = YES;
				GCC_WARN_ABOUT_RETURN_TYPE = YES_ERROR;
				GCC_WARN_UNDECLARED_SELECTOR = YES;
				GCC_WARN_UNINITIALIZED_AUTOS = YES_AGGRESSIVE;
				GCC_WARN_UNUSED_FUNCTION = YES;
				GCC_WARN_UNUSED_VARIABLE = YES;
				IPHONEOS_DEPLOYMENT_TARGET = 9.1;
				MTL_ENABLE_DEBUG_INFO = YES;
				ONLY_ACTIVE_ARCH = YES;
				SDKROOT = iphoneos;
				SWIFT_OPTIMIZATION_LEVEL = "-Onone";
			};
			name = Debug;
		};
		6A2CC0AC1C6D8BCE003606A5 /* Release */ = {
			isa = XCBuildConfiguration;
			buildSettings = {
				ALWAYS_SEARCH_USER_PATHS = NO;
				CLANG_CXX_LANGUAGE_STANDARD = "gnu++0x";
				CLANG_CXX_LIBRARY = "libc++";
				CLANG_ENABLE_MODULES = YES;
				CLANG_ENABLE_OBJC_ARC = YES;
				CLANG_WARN_BOOL_CONVERSION = YES;
				CLANG_WARN_CONSTANT_CONVERSION = YES;
				CLANG_WARN_DIRECT_OBJC_ISA_USAGE = YES_ERROR;
				CLANG_WARN_EMPTY_BODY = YES;
				CLANG_WARN_ENUM_CONVERSION = YES;
				CLANG_WARN_INT_CONVERSION = YES;
				CLANG_WARN_OBJC_ROOT_CLASS = YES_ERROR;
				CLANG_WARN_UNREACHABLE_CODE = YES;
				CLANG_WARN__DUPLICATE_METHOD_MATCH = YES;
				"CODE_SIGN_IDENTITY[sdk=iphoneos*]" = "iPhone Developer";
				COPY_PHASE_STRIP = NO;
				DEBUG_INFORMATION_FORMAT = "dwarf-with-dsym";
				ENABLE_NS_ASSERTIONS = NO;
				ENABLE_STRICT_OBJC_MSGSEND = YES;
				GCC_C_LANGUAGE_STANDARD = gnu99;
				GCC_NO_COMMON_BLOCKS = YES;
				GCC_WARN_64_TO_32_BIT_CONVERSION = YES;
				GCC_WARN_ABOUT_RETURN_TYPE = YES_ERROR;
				GCC_WARN_UNDECLARED_SELECTOR = YES;
				GCC_WARN_UNINITIALIZED_AUTOS = YES_AGGRESSIVE;
				GCC_WARN_UNUSED_FUNCTION = YES;
				GCC_WARN_UNUSED_VARIABLE = YES;
				IPHONEOS_DEPLOYMENT_TARGET = 9.1;
				MTL_ENABLE_DEBUG_INFO = NO;
				SDKROOT = iphoneos;
				VALIDATE_PRODUCT = YES;
			};
			name = Release;
		};
		6A2CC0AE1C6D8BCE003606A5 /* Debug */ = {
			isa = XCBuildConfiguration;
			baseConfigurationReference = D47FF8725DDDD697923EEABC /* Pods-ChatApp.debug.xcconfig */;
			buildSettings = {
				ASSETCATALOG_COMPILER_APPICON_NAME = AppIcon;
				INFOPLIST_FILE = ChatApp/Info.plist;
				LD_RUNPATH_SEARCH_PATHS = "$(inherited) @executable_path/Frameworks";
				PRODUCT_BUNDLE_IDENTIFIER = edu.ccsf.ChatApp;
				PRODUCT_NAME = "$(TARGET_NAME)";
			};
			name = Debug;
		};
		6A2CC0AF1C6D8BCE003606A5 /* Release */ = {
			isa = XCBuildConfiguration;
			baseConfigurationReference = 047E8F50FA64E6AF388954C4 /* Pods-ChatApp.release.xcconfig */;
			buildSettings = {
				ASSETCATALOG_COMPILER_APPICON_NAME = AppIcon;
				INFOPLIST_FILE = ChatApp/Info.plist;
				LD_RUNPATH_SEARCH_PATHS = "$(inherited) @executable_path/Frameworks";
				PRODUCT_BUNDLE_IDENTIFIER = edu.ccsf.ChatApp;
				PRODUCT_NAME = "$(TARGET_NAME)";
			};
			name = Release;
		};
/* End XCBuildConfiguration section */

/* Begin XCConfigurationList section */
		6A2CC0961C6D8BCE003606A5 /* Build configuration list for PBXProject "ChatApp" */ = {
			isa = XCConfigurationList;
			buildConfigurations = (
				6A2CC0AB1C6D8BCE003606A5 /* Debug */,
				6A2CC0AC1C6D8BCE003606A5 /* Release */,
			);
			defaultConfigurationIsVisible = 0;
			defaultConfigurationName = Release;
		};
		6A2CC0AD1C6D8BCE003606A5 /* Build configuration list for PBXNativeTarget "ChatApp" */ = {
			isa = XCConfigurationList;
			buildConfigurations = (
				6A2CC0AE1C6D8BCE003606A5 /* Debug */,
				6A2CC0AF1C6D8BCE003606A5 /* Release */,
			);
			defaultConfigurationIsVisible = 0;
			defaultConfigurationName = Release;
		};
/* End XCConfigurationList section */
	};
	rootObject = 6A2CC0931C6D8BCE003606A5 /* Project object */;
}
